GEM
  remote: http://rubygems.org/
  specs:
    bigdecimal (4.0.1)
    bson (4.15.0)
    crack (0.4.5)
      rexml
    csv (3.3.5)
    daemons (1.4.1)
    faraday (2.7.10)
      faraday-net_http (>= 2.0, < 3.1)
      ruby2_keywords (>= 0.0.4)
    faraday-multipart (1.0.4)
      multipart-post (~> 2)
    faraday-net_http (3.0.2)
    httparty (0.24.0)
      csv
      mini_mime (>= 1.0.0)
      multi_xml (>= 0.5.2)
    mini_mime (1.1.5)
    mongo (2.19.0)
      bson (>= 4.14.1, < 5.0.0)
    multi_xml (0.8.0)
      bigdecimal (>= 3.1, < 5)
    multipart-post (2.3.0)
    rexml (3.2.5)
    ruby-openai (4.2.0)
      faraday (>= 1)
      faraday-multipart (>= 1)
    ruby2_keywords (0.0.5)
    stomp (1.4.10)

PLATFORMS
  aarch64-linux
  x86_64-linux

DEPENDENCIES
  crack
  daemons
  httparty
  mongo
  ruby-openai
  stomp

BUNDLED WITH
   2.2.3
